
Microsoft Visual Studio Solution File, Format Version 12.00
# Visual Studio Version 16
VisualStudioVersion = 16.0.30611.23
MinimumVisualStudioVersion = 10.0.40219.1
Project("{FAE04EC0-301F-11D3-BF4B-00C04F79EFBC}") = "HousePrice", "HousePrice\HousePrice.csproj", "{7F7F92C8-1A80-4255-8340-1E889A9640B5}"
EndProject
Global
	GlobalSection(SolutionConfigurationPlatforms) = preSolution
		Debug|Any CPU = Debug|Any CPU
		Release|Any CPU = Release|Any CPU
	EndGlobalSection
	GlobalSection(ProjectConfigurationPlatforms) = postSolution
		{7F7F92C8-1A80-4255-8340-1E889A9640B5}.Debug|Any CPU.ActiveCfg = Debug|Any CPU
		{7F7F92C8-1A80-4255-8340-1E889A9640B5}.Debug|Any CPU.Build.0 = Debug|Any CPU
		{7F7F92C8-1A80-4255-8340-1E889A9640B5}.Release|Any CPU.ActiveCfg = Release|Any CPU
		{7F7F92C8-1A80-4255-8340-1E889A9640B5}.Release|Any CPU.Build.0 = Release|Any CPU
	EndGlobalSection
	GlobalSection(SolutionProperties) = preSolution
		HideSolutionNode = FALSE
	EndGlobalSection
	GlobalSection(ExtensibilityGlobals) = postSolution
		SolutionGuid = {D6BE1FE3-F093-4506-995E-7AC278C6D347}
	EndGlobalSection
EndGlobal
